{
  "name": "expression-mongo",
  "lockfileVersion": 2,
  "requires": true,
  "packages": {
    "": {
      "dependencies": {
        "jsep": "^1.2.0"
      }
    },
    "node_modules/jsep": {
      "version": "1.2.0",
      "resolved": "https://registry.npmjs.org/jsep/-/jsep-1.2.0.tgz",
      "integrity": "sha512-ex4YB352GD74qLjjAtjYm33LcHDBAwhY01BgZbXU56eLWOM1JvKYX4lz4PYkqw0OVfAQYl7CRt0JBRuAUt7mqA==",
      "engines": {
        "node": ">= 10.16.0"
      }
    }
  },
  "dependencies": {
    "jsep": {
      "version": "1.2.0",
      "resolved": "https://registry.npmjs.org/jsep/-/jsep-1.2.0.tgz",
      "integrity": "sha512-ex4YB352GD74qLjjAtjYm33LcHDBAwhY01BgZbXU56eLWOM1JvKYX4lz4PYkqw0OVfAQYl7CRt0JBRuAUt7mqA=="
    }
  }
}
